// !$*UTF8*$!
{
	archiveVersion = 1;
	classes = {
	};
	objectVersion = 46;
	objects = {

/* Begin PBXBuildFile section */
		84544F841E02319800432BD2 /* SentMemesTableViewCell.swift in Sources */ = {isa = PBXBuildFile; fileRef = 84544F831E02319800432BD2 /* SentMemesTableViewCell.swift */; };
		847059111E00C90A002402B7 /* SentMemesCollectionViewCell.swift in Sources */ = {isa = PBXBuildFile; fileRef = 847059101E00C90A002402B7 /* SentMemesCollectionViewCell.swift */; };
		847123581DF9BC2B0040F9AD /* Meme.swift in Sources */ = {isa = PBXBuildFile; fileRef = 847123571DF9BC2B0040F9AD /* Meme.swift */; };
		847457851DFC8E53001047A8 /* SentMemesCollectionVC.swift in Sources */ = {isa = PBXBuildFile; fileRef = 847457841DFC8E53001047A8 /* SentMemesCollectionVC.swift */; };
		84761D081E01C8C400394A60 /* DetailViewController.swift in Sources */ = {isa = PBXBuildFile; fileRef = 84761D071E01C8C400394A60 /* DetailViewController.swift */; };
		847627961DF8F47F009F9933 /* SentMemesTableVC.swift in Sources */ = {isa = PBXBuildFile; fileRef = 847627951DF8F47F009F9933 /* SentMemesTableVC.swift */; };
		84F2857D1DC7FF1E00DDDF52 /* AppDelegate.swift in Sources */ = {isa = PBXBuildFile; fileRef = 84F2857C1DC7FF1E00DDDF52 /* AppDelegate.swift */; };
		84F2857F1DC7FF1E00DDDF52 /* MemeEditorVC.swift in Sources */ = {isa = PBXBuildFile; fileRef = 84F2857E1DC7FF1E00DDDF52 /* MemeEditorVC.swift */; };
		84F285821DC7FF1E00DDDF52 /* Main.storyboard in Resources */ = {isa = PBXBuildFile; fileRef = 84F285801DC7FF1E00DDDF52 /* Main.storyboard */; };
		84F285841DC7FF1E00DDDF52 /* Assets.xcassets in Resources */ = {isa = PBXBuildFile; fileRef = 84F285831DC7FF1E00DDDF52 /* Assets.xcassets */; };
		84F285871DC7FF1E00DDDF52 /* LaunchScreen.storyboard in Resources */ = {isa = PBXBuildFile; fileRef = 84F285851DC7FF1E00DDDF52 /* LaunchScreen.storyboard */; };
		84F285921DC7FF1E00DDDF52 /* MemeMeTests.swift in Sources */ = {isa = PBXBuildFile; fileRef = 84F285911DC7FF1E00DDDF52 /* MemeMeTests.swift */; };
		84F2859D1DC7FF1E00DDDF52 /* MemeMeUITests.swift in Sources */ = {isa = PBXBuildFile; fileRef = 84F2859C1DC7FF1E00DDDF52 /* MemeMeUITests.swift */; };
/* End PBXBuildFile section */

/* Begin PBXContainerItemProxy section */
		84F2858E1DC7FF1E00DDDF52 /* PBXContainerItemProxy */ = {
			isa = PBXContainerItemProxy;
			containerPortal = 84F285711DC7FF1E00DDDF52 /* Project object */;
			proxyType = 1;
			remoteGlobalIDString = 84F285781DC7FF1E00DDDF52;
			remoteInfo = MemeMe;
		};
		84F285991DC7FF1E00DDDF52 /* PBXContainerItemProxy */ = {
			isa = PBXContainerItemProxy;
			containerPortal = 84F285711DC7FF1E00DDDF52 /* Project object */;
			proxyType = 1;
			remoteGlobalIDString = 84F285781DC7FF1E00DDDF52;
			remoteInfo = MemeMe;
		};
/* End PBXContainerItemProxy section */

/* Begin PBXFileReference section */
		84544F831E02319800432BD2 /* SentMemesTableViewCell.swift */ = {isa = PBXFileReference; fileEncoding = 4; lastKnownFileType = sourcecode.swift; path = SentMemesTableViewCell.swift; sourceTree = "<group>"; };
		847059101E00C90A002402B7 /* SentMemesCollectionViewCell.swift */ = {isa = PBXFileReference; fileEncoding = 4; lastKnownFileType = sourcecode.swift; path = SentMemesCollectionViewCell.swift; sourceTree = "<group>"; };
		847123571DF9BC2B0040F9AD /* Meme.swift */ = {isa = PBXFileReference; fileEncoding = 4; lastKnownFileType = sourcecode.swift; path = Meme.swift; sourceTree = "<group>"; };
		847457841DFC8E53001047A8 /* SentMemesCollectionVC.swift */ = {isa = PBXFileReference; fileEncoding = 4; lastKnownFileType = sourcecode.swift; path = SentMemesCollectionVC.swift; sourceTree = "<group>"; };
		84761D071E01C8C400394A60 /* DetailViewController.swift */ = {isa = PBXFileReference; fileEncoding = 4; lastKnownFileType = sourcecode.swift; path = DetailViewController.swift; sourceTree = "<group>"; };
		847627951DF8F47F009F9933 /* SentMemesTableVC.swift */ = {isa = PBXFileReference; fileEncoding = 4; lastKnownFileType = sourcecode.swift; path = SentMemesTableVC.swift; sourceTree = "<group>"; };
		84F285791DC7FF1E00DDDF52 /* MemeMe.app */ = {isa = PBXFileReference; explicitFileType = wrapper.application; includeInIndex = 0; path = MemeMe.app; sourceTree = BUILT_PRODUCTS_DIR; };
		84F2857C1DC7FF1E00DDDF52 /* AppDelegate.swift */ = {isa = PBXFileReference; lastKnownFileType = sourcecode.swift; path = AppDelegate.swift; sourceTree = "<group>"; };
		84F2857E1DC7FF1E00DDDF52 /* MemeEditorVC.swift */ = {isa = PBXFileReference; lastKnownFileType = sourcecode.swift; path = MemeEditorVC.swift; sourceTree = "<group>"; };
		84F285811DC7FF1E00DDDF52 /* Base */ = {isa = PBXFileReference; lastKnownFileType = file.storyboard; name = Base; path = Base.lproj/Main.storyboard; sourceTree = "<group>"; };
		84F285831DC7FF1E00DDDF52 /* Assets.xcassets */ = {isa = PBXFileReference; lastKnownFileType = folder.assetcatalog; path = Assets.xcassets; sourceTree = "<group>"; };
		84F285861DC7FF1E00DDDF52 /* Base */ = {isa = PBXFileReference; lastKnownFileType = file.storyboard; name = Base; path = Base.lproj/LaunchScreen.storyboard; sourceTree = "<group>"; };
		84F285881DC7FF1E00DDDF52 /* Info.plist */ = {isa = PBXFileReference; lastKnownFileType = text.plist.xml; path = Info.plist; sourceTree = "<group>"; };
		84F2858D1DC7FF1E00DDDF52 /* MemeMeTests.xctest */ = {isa = PBXFileReference; explicitFileType = wrapper.cfbundle; includeInIndex = 0; path = MemeMeTests.xctest; sourceTree = BUILT_PRODUCTS_DIR; };
		84F285911DC7FF1E00DDDF52 /* MemeMeTests.swift */ = {isa = PBXFileReference; lastKnownFileType = sourcecode.swift; path = MemeMeTests.swift; sourceTree = "<group>"; };
		84F285931DC7FF1E00DDDF52 /* Info.plist */ = {isa = PBXFileReference; lastKnownFileType = text.plist.xml; path = Info.plist; sourceTree = "<group>"; };
		84F285981DC7FF1E00DDDF52 /* MemeMeUITests.xctest */ = {isa = PBXFileReference; explicitFileType = wrapper.cfbundle; includeInIndex = 0; path = MemeMeUITests.xctest; sourceTree = BUILT_PRODUCTS_DIR; };
		84F2859C1DC7FF1E00DDDF52 /* MemeMeUITests.swift */ = {isa = PBXFileReference; lastKnownFileType = sourcecode.swift; path = MemeMeUITests.swift; sourceTree = "<group>"; };
		84F2859E1DC7FF1E00DDDF52 /* Info.plist */ = {isa = PBXFileReference; lastKnownFileType = text.plist.xml; path = Info.plist; sourceTree = "<group>"; };
/* End PBXFileReference section */

/* Begin PBXFrameworksBuildPhase section */
		84F285761DC7FF1E00DDDF52 /* Frameworks */ = {
			isa = PBXFrameworksBuildPhase;
			buildActionMask = 2147483647;
			files = (
			);
			runOnlyForDeploymentPostprocessing = 0;
		};
		84F2858A1DC7FF1E00DDDF52 /* Frameworks */ = {
			isa = PBXFrameworksBuildPhase;
			buildActionMask = 2147483647;
			files = (
			);
			runOnlyForDeploymentPostprocessing = 0;
		};
		84F285951DC7FF1E00DDDF52 /* Frameworks */ = {
			isa = PBXFrameworksBuildPhase;
			buildActionMask = 2147483647;
			files = (
			);
			runOnlyForDeploymentPostprocessing = 0;
		};
/* End PBXFrameworksBuildPhase section */

/* Begin PBXGroup section */
		84F285701DC7FF1E00DDDF52 = {
			isa = PBXGroup;
			children = (
				84F2857B1DC7FF1E00DDDF52 /* MemeMe */,
				84F285901DC7FF1E00DDDF52 /* MemeMeTests */,
				84F2859B1DC7FF1E00DDDF52 /* MemeMeUITests */,
				84F2857A1DC7FF1E00DDDF52 /* Products */,
			);
			sourceTree = "<group>";
		};
		84F2857A1DC7FF1E00DDDF52 /* Products */ = {
			isa = PBXGroup;
			children = (
				84F285791DC7FF1E00DDDF52 /* MemeMe.app */,
				84F2858D1DC7FF1E00DDDF52 /* MemeMeTests.xctest */,
				84F285981DC7FF1E00DDDF52 /* MemeMeUITests.xctest */,
			);
			name = Products;
			sourceTree = "<group>";
		};
		84F2857B1DC7FF1E00DDDF52 /* MemeMe */ = {
			isa = PBXGroup;
			children = (
				84F2857C1DC7FF1E00DDDF52 /* AppDelegate.swift */,
				84F2857E1DC7FF1E00DDDF52 /* MemeEditorVC.swift */,
				847123571DF9BC2B0040F9AD /* Meme.swift */,
				84761D071E01C8C400394A60 /* DetailViewController.swift */,
				847627951DF8F47F009F9933 /* SentMemesTableVC.swift */,
				84544F831E02319800432BD2 /* SentMemesTableViewCell.swift */,
				847457841DFC8E53001047A8 /* SentMemesCollectionVC.swift */,
				847059101E00C90A002402B7 /* SentMemesCollectionViewCell.swift */,
				84F285801DC7FF1E00DDDF52 /* Main.storyboard */,
				84F285831DC7FF1E00DDDF52 /* Assets.xcassets */,
				84F285851DC7FF1E00DDDF52 /* LaunchScreen.storyboard */,
				84F285881DC7FF1E00DDDF52 /* Info.plist */,
			);
			path = MemeMe;
			sourceTree = "<group>";
		};
		84F285901DC7FF1E00DDDF52 /* MemeMeTests */ = {
			isa = PBXGroup;
			children = (
				84F285911DC7FF1E00DDDF52 /* MemeMeTests.swift */,
				84F285931DC7FF1E00DDDF52 /* Info.plist */,
			);
			path = MemeMeTests;
			sourceTree = "<group>";
		};
		84F2859B1DC7FF1E00DDDF52 /* MemeMeUITests */ = {
			isa = PBXGroup;
			children = (
				84F2859C1DC7FF1E00DDDF52 /* MemeMeUITests.swift */,
				84F2859E1DC7FF1E00DDDF52 /* Info.plist */,
			);
			path = MemeMeUITests;
			sourceTree = "<group>";
		};
/* End PBXGroup section */

/* Begin PBXNativeTarget section */
		84F285781DC7FF1E00DDDF52 /* MemeMe */ = {
			isa = PBXNativeTarget;
			buildConfigurationList = 84F285A11DC7FF1E00DDDF52 /* Build configuration list for PBXNativeTarget "MemeMe" */;
			buildPhases = (
				84F285751DC7FF1E00DDDF52 /* Sources */,
				84F285761DC7FF1E00DDDF52 /* Frameworks */,
				84F285771DC7FF1E00DDDF52 /* Resources */,
			);
			buildRules = (
			);
			dependencies = (
			);
			name = MemeMe;
			productName = MemeMe;
			productReference = 84F285791DC7FF1E00DDDF52 /* MemeMe.app */;
			productType = "com.apple.product-type.application";
		};
		84F2858C1DC7FF1E00DDDF52 /* MemeMeTests */ = {
			isa = PBXNativeTarget;
			buildConfigurationList = 84F285A41DC7FF1E00DDDF52 /* Build configuration list for PBXNativeTarget "MemeMeTests" */;
			buildPhases = (
				84F285891DC7FF1E00DDDF52 /* Sources */,
				84F2858A1DC7FF1E00DDDF52 /* Frameworks */,
				84F2858B1DC7FF1E00DDDF52 /* Resources */,
			);
			buildRules = (
			);
			dependencies = (
				84F2858F1DC7FF1E00DDDF52 /* PBXTargetDependency */,
			);
			name = MemeMeTests;
			productName = MemeMeTests;
			productReference = 84F2858D1DC7FF1E00DDDF52 /* MemeMeTests.xctest */;
			productType = "com.apple.product-type.bundle.unit-test";
		};
		84F285971DC7FF1E00DDDF52 /* MemeMeUITests */ = {
			isa = PBXNativeTarget;
			buildConfigurationList = 84F285A71DC7FF1E00DDDF52 /* Build configuration list for PBXNativeTarget "MemeMeUITests" */;
			buildPhases = (
				84F285941DC7FF1E00DDDF52 /* Sources */,
				84F285951DC7FF1E00DDDF52 /* Frameworks */,
				84F285961DC7FF1E00DDDF52 /* Resources */,
			);
			buildRules = (
			);
			dependencies = (
				84F2859A1DC7FF1E00DDDF52 /* PBXTargetDependency */,
			);
			name = MemeMeUITests;
			productName = MemeMeUITests;
			productReference = 84F285981DC7FF1E00DDDF52 /* MemeMeUITests.xctest */;
			productType = "com.apple.product-type.bundle.ui-testing";
		};
/* End PBXNativeTarget section */

/* Begin PBXProject section */
		84F285711DC7FF1E00DDDF52 /* Project object */ = {
			isa = PBXProject;
			attributes = {
				LastSwiftUpdateCheck = 0810;
				LastUpgradeCheck = 0810;
				ORGANIZATIONNAME = "Ha Na Gill";
				TargetAttributes = {
					84F285781DC7FF1E00DDDF52 = {
						CreatedOnToolsVersion = 8.1;
						DevelopmentTeam = 3XP2JYEG2Z;
						ProvisioningStyle = Automatic;
					};
					84F2858C1DC7FF1E00DDDF52 = {
						CreatedOnToolsVersion = 8.1;
						ProvisioningStyle = Automatic;
						TestTargetID = 84F285781DC7FF1E00DDDF52;
					};
					84F285971DC7FF1E00DDDF52 = {
						CreatedOnToolsVersion = 8.1;
						ProvisioningStyle = Automatic;
						TestTargetID = 84F285781DC7FF1E00DDDF52;
					};
				};
			};
			buildConfigurationList = 84F285741DC7FF1E00DDDF52 /* Build configuration list for PBXProject "MemeMe" */;
			compatibilityVersion = "Xcode 3.2";
			developmentRegion = English;
			hasScannedForEncodings = 0;
			knownRegions = (
				en,
				Base,
			);
			mainGroup = 84F285701DC7FF1E00DDDF52;
			productRefGroup = 84F2857A1DC7FF1E00DDDF52 /* Products */;
			projectDirPath = "";
			projectRoot = "";
			targets = (
				84F285781DC7FF1E00DDDF52 /* MemeMe */,
				84F2858C1DC7FF1E00DDDF52 /* MemeMeTests */,
				84F285971DC7FF1E00DDDF52 /* MemeMeUITests */,
			);
		};
/* End PBXProject section */

/* Begin PBXResourcesBuildPhase section */
		84F285771DC7FF1E00DDDF52 /* Resources */ = {
			isa = PBXResourcesBuildPhase;
			buildActionMask = 2147483647;
			files = (
				84F285871DC7FF1E00DDDF52 /* LaunchScreen.storyboard in Resources */,
				84F285841DC7FF1E00DDDF52 /* Assets.xcassets in Resources */,
				84F285821DC7FF1E00DDDF52 /* Main.storyboard in Resources */,
			);
			runOnlyForDeploymentPostprocessing = 0;
		};
		84F2858B1DC7FF1E00DDDF52 /* Resources */ = {
			isa = PBXResourcesBuildPhase;
			buildActionMask = 2147483647;
			files = (
			);
			runOnlyForDeploymentPostprocessing = 0;
		};
		84F285961DC7FF1E00DDDF52 /* Resources */ = {
			isa = PBXResourcesBuildPhase;
			buildActionMask = 2147483647;
			files = (
			);
			runOnlyForDeploymentPostprocessing = 0;
		};
/* End PBXResourcesBuildPhase section */

/* Begin PBXSourcesBuildPhase section */
		84F285751DC7FF1E00DDDF52 /* Sources */ = {
			isa = PBXSourcesBuildPhase;
			buildActionMask = 2147483647;
			files = (
				84F2857F1DC7FF1E00DDDF52 /* MemeEditorVC.swift in Sources */,
				847059111E00C90A002402B7 /* SentMemesCollectionViewCell.swift in Sources */,
				847123581DF9BC2B0040F9AD /* Meme.swift in Sources */,
				84544F841E02319800432BD2 /* SentMemesTableViewCell.swift in Sources */,
				847457851DFC8E53001047A8 /* SentMemesCollectionVC.swift in Sources */,
				847627961DF8F47F009F9933 /* SentMemesTableVC.swift in Sources */,
				84F2857D1DC7FF1E00DDDF52 /* AppDelegate.swift in Sources */,
				84761D081E01C8C400394A60 /* DetailViewController.swift in Sources */,
			);
			runOnlyForDeploymentPostprocessing = 0;
		};
		84F285891DC7FF1E00DDDF52 /* Sources */ = {
			isa = PBXSourcesBuildPhase;
			buildActionMask = 2147483647;
			files = (
				84F285921DC7FF1E00DDDF52 /* MemeMeTests.swift in Sources */,
			);
			runOnlyForDeploymentPostprocessing = 0;
		};
		84F285941DC7FF1E00DDDF52 /* Sources */ = {
			isa = PBXSourcesBuildPhase;
			buildActionMask = 2147483647;
			files = (
				84F2859D1DC7FF1E00DDDF52 /* MemeMeUITests.swift in Sources */,
			);
			runOnlyForDeploymentPostprocessing = 0;
		};
/* End PBXSourcesBuildPhase section */

/* Begin PBXTargetDependency section */
		84F2858F1DC7FF1E00DDDF52 /* PBXTargetDependency */ = {
			isa = PBXTargetDependency;
			target = 84F285781DC7FF1E00DDDF52 /* MemeMe */;
			targetProxy = 84F2858E1DC7FF1E00DDDF52 /* PBXContainerItemProxy */;
		};
		84F2859A1DC7FF1E00DDDF52 /* PBXTargetDependency */ = {
			isa = PBXTargetDependency;
			target = 84F285781DC7FF1E00DDDF52 /* MemeMe */;
			targetProxy = 84F285991DC7FF1E00DDDF52 /* PBXContainerItemProxy */;
		};
/* End PBXTargetDependency section */

/* Begin PBXVariantGroup section */
		84F285801DC7FF1E00DDDF52 /* Main.storyboard */ = {
			isa = PBXVariantGroup;
			children = (
				84F285811DC7FF1E00DDDF52 /* Base */,
			);
			name = Main.storyboard;
			sourceTree = "<group>";
		};
		84F285851DC7FF1E00DDDF52 /* LaunchScreen.storyboard */ = {
			isa = PBXVariantGroup;
			children = (
				84F285861DC7FF1E00DDDF52 /* Base */,
			);
			name = LaunchScreen.storyboard;
			sourceTree = "<group>";
		};
/* End PBXVariantGroup section */

/* Begin XCBuildConfiguration section */
		84F2859F1DC7FF1E00DDDF52 /* Debug */ = {
			isa = XCBuildConfiguration;
			buildSettings = {
				ALWAYS_SEARCH_USER_PATHS = NO;
				CLANG_ANALYZER_NONNULL = YES;
				CLANG_CXX_LANGUAGE_STANDARD = "gnu++0x";
				CLANG_CXX_LIBRARY = "libc++";
				CLANG_ENABLE_MODULES = YES;
				CLANG_ENABLE_OBJC_ARC = YES;
				CLANG_WARN_BOOL_CONVERSION = YES;
				CLANG_WARN_CONSTANT_CONVERSION = YES;
				CLANG_WARN_DIRECT_OBJC_ISA_USAGE = YES_ERROR;
				CLANG_WARN_DOCUMENTATION_COMMENTS = YES;
				CLANG_WARN_EMPTY_BODY = YES;
				CLANG_WARN_ENUM_CONVERSION = YES;
				CLANG_WARN_INFINITE_RECURSION = YES;
				CLANG_WARN_INT_CONVERSION = YES;
				CLANG_WARN_OBJC_ROOT_CLASS = YES_ERROR;
				CLANG_WARN_SUSPICIOUS_MOVES = YES;
				CLANG_WARN_UNREACHABLE_CODE = YES;
				CLANG_WARN__DUPLICATE_METHOD_MATCH = YES;
				"CODE_SIGN_IDENTITY[sdk=iphoneos*]" = "iPhone Developer";
				COPY_PHASE_STRIP = NO;
				DEBUG_INFORMATION_FORMAT = dwarf;
				ENABLE_STRICT_OBJC_MSGSEND = YES;
				ENABLE_TESTABILITY = YES;
				GCC_C_LANGUAGE_STANDARD = gnu99;
				GCC_DYNAMIC_NO_PIC = NO;
				GCC_NO_COMMON_BLOCKS = YES;
				GCC_OPTIMIZATION_LEVEL = 0;
				GCC_PREPROCESSOR_DEFINITIONS = (
					"DEBUG=1",
					"$(inherited)",
				);
				GCC_WARN_64_TO_32_BIT_CONVERSION = YES;
				GCC_WARN_ABOUT_RETURN_TYPE = YES_ERROR;
				GCC_WARN_UNDECLARED_SELECTOR = YES;
				GCC_WARN_UNINITIALIZED_AUTOS = YES_AGGRESSIVE;
				GCC_WARN_UNUSED_FUNCTION = YES;
				GCC_WARN_UNUSED_VARIABLE = YES;
				IPHONEOS_DEPLOYMENT_TARGET = 10.1;
				MTL_ENABLE_DEBUG_INFO = YES;
				ONLY_ACTIVE_ARCH = YES;
				SDKROOT = iphoneos;
				SWIFT_ACTIVE_COMPILATION_CONDITIONS = DEBUG;
				SWIFT_OPTIMIZATION_LEVEL = "-Onone";
				TARGETED_DEVICE_FAMILY = "1,2";
			};
			name = Debug;
		};
		84F285A01DC7FF1E00DDDF52 /* Release */ = {
			isa = XCBuildConfiguration;
			buildSettings = {
				ALWAYS_SEARCH_USER_PATHS = NO;
				CLANG_ANALYZER_NONNULL = YES;
				CLANG_CXX_LANGUAGE_STANDARD = "gnu++0x";
				CLANG_CXX_LIBRARY = "libc++";
				CLANG_ENABLE_MODULES = YES;
				CLANG_ENABLE_OBJC_ARC = YES;
				CLANG_WARN_BOOL_CONVERSION = YES;
				CLANG_WARN_CONSTANT_CONVERSION = YES;
				CLANG_WARN_DIRECT_OBJC_ISA_USAGE = YES_ERROR;
				CLANG_WARN_DOCUMENTATION_COMMENTS = YES;
				CLANG_WARN_EMPTY_BODY = YES;
				CLANG_WARN_ENUM_CONVERSION = YES;
				CLANG_WARN_INFINITE_RECURSION = YES;
				CLANG_WARN_INT_CONVERSION = YES;
				CLANG_WARN_OBJC_ROOT_CLASS = YES_ERROR;
				CLANG_WARN_SUSPICIOUS_MOVES = YES;
				CLANG_WARN_UNREACHABLE_CODE = YES;
				CLANG_WARN__DUPLICATE_METHOD_MATCH = YES;
				"CODE_SIGN_IDENTITY[sdk=iphoneos*]" = "iPhone Developer";
				COPY_PHASE_STRIP = NO;
				DEBUG_INFORMATION_FORMAT = "dwarf-with-dsym";
				ENABLE_NS_ASSERTIONS = NO;
				ENABLE_STRICT_OBJC_MSGSEND = YES;
				GCC_C_LANGUAGE_STANDARD = gnu99;
				GCC_NO_COMMON_BLOCKS = YES;
				GCC_WARN_64_TO_32_BIT_CONVERSION = YES;
				GCC_WARN_ABOUT_RETURN_TYPE = YES_ERROR;
				GCC_WARN_UNDECLARED_SELECTOR = YES;
				GCC_WARN_UNINITIALIZED_AUTOS = YES_AGGRESSIVE;
				GCC_WARN_UNUSED_FUNCTION = YES;
				GCC_WARN_UNUSED_VARIABLE = YES;
				IPHONEOS_DEPLOYMENT_TARGET = 10.1;
				MTL_ENABLE_DEBUG_INFO = NO;
				SDKROOT = iphoneos;
				SWIFT_OPTIMIZATION_LEVEL = "-Owholemodule";
				TARGETED_DEVICE_FAMILY = "1,2";
				VALIDATE_PRODUCT = YES;
			};
			name = Release;
		};
		84F285A21DC7FF1E00DDDF52 /* Debug */ = {
			isa = XCBuildConfiguration;
			buildSettings = {
				ASSETCATALOG_COMPILER_APPICON_NAME = AppIcon;
				DEVELOPMENT_TEAM = 3XP2JYEG2Z;
				INFOPLIST_FILE = MemeMe/Info.plist;
				LD_RUNPATH_SEARCH_PATHS = "$(inherited) @executable_path/Frameworks";
				PRODUCT_BUNDLE_IDENTIFIER = hg.udacity.MemeMe;
				PRODUCT_NAME = "$(TARGET_NAME)";
				SWIFT_VERSION = 3.0;
			};
			name = Debug;
		};
		84F285A31DC7FF1E00DDDF52 /* Release */ = {
			isa = XCBuildConfiguration;
			buildSettings = {
				ASSETCATALOG_COMPILER_APPICON_NAME = AppIcon;
				DEVELOPMENT_TEAM = 3XP2JYEG2Z;
				INFOPLIST_FILE = MemeMe/Info.plist;
				LD_RUNPATH_SEARCH_PATHS = "$(inherited) @executable_path/Frameworks";
				PRODUCT_BUNDLE_IDENTIFIER = hg.udacity.MemeMe;
				PRODUCT_NAME = "$(TARGET_NAME)";
				SWIFT_VERSION = 3.0;
			};
			name = Release;
		};
		84F285A51DC7FF1E00DDDF52 /* Debug */ = {
			isa = XCBuildConfiguration;
			buildSettings = {
				ALWAYS_EMBED_SWIFT_STANDARD_LIBRARIES = YES;
				BUNDLE_LOADER = "$(TEST_HOST)";
				INFOPLIST_FILE = MemeMeTests/Info.plist;
				LD_RUNPATH_SEARCH_PATHS = "$(inherited) @executable_path/Frameworks @loader_path/Frameworks";
				PRODUCT_BUNDLE_IDENTIFIER = hg.udacity.MemeMeTests;
				PRODUCT_NAME = "$(TARGET_NAME)";
				SWIFT_VERSION = 3.0;
				TEST_HOST = "$(BUILT_PRODUCTS_DIR)/MemeMe.app/MemeMe";
			};
			name = Debug;
		};
		84F285A61DC7FF1E00DDDF52 /* Release */ = {
			isa = XCBuildConfiguration;
			buildSettings = {
				ALWAYS_EMBED_SWIFT_STANDARD_LIBRARIES = YES;
				BUNDLE_LOADER = "$(TEST_HOST)";
				INFOPLIST_FILE = MemeMeTests/Info.plist;
				LD_RUNPATH_SEARCH_PATHS = "$(inherited) @executable_path/Frameworks @loader_path/Frameworks";
				PRODUCT_BUNDLE_IDENTIFIER = hg.udacity.MemeMeTests;
				PRODUCT_NAME = "$(TARGET_NAME)";
				SWIFT_VERSION = 3.0;
				TEST_HOST = "$(BUILT_PRODUCTS_DIR)/MemeMe.app/MemeMe";
			};
			name = Release;
		};
		84F285A81DC7FF1E00DDDF52 /* Debug */ = {
			isa = XCBuildConfiguration;
			buildSettings = {
				ALWAYS_EMBED_SWIFT_STANDARD_LIBRARIES = YES;
				INFOPLIST_FILE = MemeMeUITests/Info.plist;
				LD_RUNPATH_SEARCH_PATHS = "$(inherited) @executable_path/Frameworks @loader_path/Frameworks";
				PRODUCT_BUNDLE_IDENTIFIER = hg.udacity.MemeMeUITests;
				PRODUCT_NAME = "$(TARGET_NAME)";
				SWIFT_VERSION = 3.0;
				TEST_TARGET_NAME = MemeMe;
			};
			name = Debug;
		};
		84F285A91DC7FF1E00DDDF52 /* Release */ = {
			isa = XCBuildConfiguration;
			buildSettings = {
				ALWAYS_EMBED_SWIFT_STANDARD_LIBRARIES = YES;
				INFOPLIST_FILE = MemeMeUITests/Info.plist;
				LD_RUNPATH_SEARCH_PATHS = "$(inherited) @executable_path/Frameworks @loader_path/Frameworks";
				PRODUCT_BUNDLE_IDENTIFIER = hg.udacity.MemeMeUITests;
				PRODUCT_NAME = "$(TARGET_NAME)";
				SWIFT_VERSION = 3.0;
				TEST_TARGET_NAME = MemeMe;
			};
			name = Release;
		};
/* End XCBuildConfiguration section */

/* Begin XCConfigurationList section */
		84F285741DC7FF1E00DDDF52 /* Build configuration list for PBXProject "MemeMe" */ = {
			isa = XCConfigurationList;
			buildConfigurations = (
				84F2859F1DC7FF1E00DDDF52 /* Debug */,
				84F285A01DC7FF1E00DDDF52 /* Release */,
			);
			defaultConfigurationIsVisible = 0;
			defaultConfigurationName = Release;
		};
		84F285A11DC7FF1E00DDDF52 /* Build configuration list for PBXNativeTarget "MemeMe" */ = {
			isa = XCConfigurationList;
			buildConfigurations = (
				84F285A21DC7FF1E00DDDF52 /* Debug */,
				84F285A31DC7FF1E00DDDF52 /* Release */,
			);
			defaultConfigurationIsVisible = 0;
			defaultConfigurationName = Release;
		};
		84F285A41DC7FF1E00DDDF52 /* Build configuration list for PBXNativeTarget "MemeMeTests" */ = {
			isa = XCConfigurationList;
			buildConfigurations = (
				84F285A51DC7FF1E00DDDF52 /* Debug */,
				84F285A61DC7FF1E00DDDF52 /* Release */,
			);
			defaultConfigurationIsVisible = 0;
			defaultConfigurationName = Release;
		};
		84F285A71DC7FF1E00DDDF52 /* Build configuration list for PBXNativeTarget "MemeMeUITests" */ = {
			isa = XCConfigurationList;
			buildConfigurations = (
				84F285A81DC7FF1E00DDDF52 /* Debug */,
				84F285A91DC7FF1E00DDDF52 /* Release */,
			);
			defaultConfigurationIsVisible = 0;
			defaultConfigurationName = Release;
		};
/* End XCConfigurationList section */
	};
	rootObject = 84F285711DC7FF1E00DDDF52 /* Project object */;
}
